// !$*UTF8*$!
{
	archiveVersion = 1;
	classes = {
	};
	objectVersion = 46;
	objects = {

/* Begin PBXBuildFile section */
		OBJ_107 /* BashCompletionsGenerator.swift in Sources */ = {isa = PBXBuildFile; fileRef = OBJ_29 /* BashCompletionsGenerator.swift */; };
		OBJ_108 /* CompletionsGenerator.swift in Sources */ = {isa = PBXBuildFile; fileRef = OBJ_30 /* CompletionsGenerator.swift */; };
		OBJ_109 /* ZshCompletionsGenerator.swift in Sources */ = {isa = PBXBuildFile; fileRef = OBJ_31 /* ZshCompletionsGenerator.swift */; };
		OBJ_110 /* Argument.swift in Sources */ = {isa = PBXBuildFile; fileRef = OBJ_33 /* Argument.swift */; };
		OBJ_111 /* ArgumentHelp.swift in Sources */ = {isa = PBXBuildFile; fileRef = OBJ_34 /* ArgumentHelp.swift */; };
		OBJ_112 /* CompletionKind.swift in Sources */ = {isa = PBXBuildFile; fileRef = OBJ_35 /* CompletionKind.swift */; };
		OBJ_113 /* Errors.swift in Sources */ = {isa = PBXBuildFile; fileRef = OBJ_36 /* Errors.swift */; };
		OBJ_114 /* Flag.swift in Sources */ = {isa = PBXBuildFile; fileRef = OBJ_37 /* Flag.swift */; };
		OBJ_115 /* NameSpecification.swift in Sources */ = {isa = PBXBuildFile; fileRef = OBJ_38 /* NameSpecification.swift */; };
		OBJ_116 /* Option.swift in Sources */ = {isa = PBXBuildFile; fileRef = OBJ_39 /* Option.swift */; };
		OBJ_117 /* OptionGroup.swift in Sources */ = {isa = PBXBuildFile; fileRef = OBJ_40 /* OptionGroup.swift */; };
		OBJ_118 /* CommandConfiguration.swift in Sources */ = {isa = PBXBuildFile; fileRef = OBJ_42 /* CommandConfiguration.swift */; };
		OBJ_119 /* EnumerableFlag.swift in Sources */ = {isa = PBXBuildFile; fileRef = OBJ_43 /* EnumerableFlag.swift */; };
		OBJ_120 /* ExpressibleByArgument.swift in Sources */ = {isa = PBXBuildFile; fileRef = OBJ_44 /* ExpressibleByArgument.swift */; };
		OBJ_121 /* ParsableArguments.swift in Sources */ = {isa = PBXBuildFile; fileRef = OBJ_45 /* ParsableArguments.swift */; };
		OBJ_122 /* ParsableArgumentsValidation.swift in Sources */ = {isa = PBXBuildFile; fileRef = OBJ_46 /* ParsableArgumentsValidation.swift */; };
		OBJ_123 /* ParsableCommand.swift in Sources */ = {isa = PBXBuildFile; fileRef = OBJ_47 /* ParsableCommand.swift */; };
		OBJ_124 /* ArgumentDecoder.swift in Sources */ = {isa = PBXBuildFile; fileRef = OBJ_49 /* ArgumentDecoder.swift */; };
		OBJ_125 /* ArgumentDefinition.swift in Sources */ = {isa = PBXBuildFile; fileRef = OBJ_50 /* ArgumentDefinition.swift */; };
		OBJ_126 /* ArgumentSet.swift in Sources */ = {isa = PBXBuildFile; fileRef = OBJ_51 /* ArgumentSet.swift */; };
		OBJ_127 /* ArgumentSetSequence.swift in Sources */ = {isa = PBXBuildFile; fileRef = OBJ_52 /* ArgumentSetSequence.swift */; };
		OBJ_128 /* CommandParser.swift in Sources */ = {isa = PBXBuildFile; fileRef = OBJ_53 /* CommandParser.swift */; };
		OBJ_129 /* InputOrigin.swift in Sources */ = {isa = PBXBuildFile; fileRef = OBJ_54 /* InputOrigin.swift */; };
		OBJ_130 /* Name.swift in Sources */ = {isa = PBXBuildFile; fileRef = OBJ_55 /* Name.swift */; };
		OBJ_131 /* Parsed.swift in Sources */ = {isa = PBXBuildFile; fileRef = OBJ_56 /* Parsed.swift */; };
		OBJ_132 /* ParsedValues.swift in Sources */ = {isa = PBXBuildFile; fileRef = OBJ_57 /* ParsedValues.swift */; };
		OBJ_133 /* ParserError.swift in Sources */ = {isa = PBXBuildFile; fileRef = OBJ_58 /* ParserError.swift */; };
		OBJ_134 /* SplitArguments.swift in Sources */ = {isa = PBXBuildFile; fileRef = OBJ_59 /* SplitArguments.swift */; };
		OBJ_135 /* HelpCommand.swift in Sources */ = {isa = PBXBuildFile; fileRef = OBJ_61 /* HelpCommand.swift */; };
		OBJ_136 /* HelpGenerator.swift in Sources */ = {isa = PBXBuildFile; fileRef = OBJ_62 /* HelpGenerator.swift */; };
		OBJ_137 /* MessageInfo.swift in Sources */ = {isa = PBXBuildFile; fileRef = OBJ_63 /* MessageInfo.swift */; };
		OBJ_138 /* UsageGenerator.swift in Sources */ = {isa = PBXBuildFile; fileRef = OBJ_64 /* UsageGenerator.swift */; };
		OBJ_139 /* SequenceExtensions.swift in Sources */ = {isa = PBXBuildFile; fileRef = OBJ_66 /* SequenceExtensions.swift */; };
		OBJ_140 /* StringExtensions.swift in Sources */ = {isa = PBXBuildFile; fileRef = OBJ_67 /* StringExtensions.swift */; };
		OBJ_141 /* Tree.swift in Sources */ = {isa = PBXBuildFile; fileRef = OBJ_68 /* Tree.swift */; };
		OBJ_148 /* Files.swift in Sources */ = {isa = PBXBuildFile; fileRef = OBJ_25 /* Files.swift */; };
		OBJ_155 /* Package.swift in Sources */ = {isa = PBXBuildFile; fileRef = OBJ_24 /* Package.swift */; };
		OBJ_161 /* ShellOut.swift in Sources */ = {isa = PBXBuildFile; fileRef = OBJ_89 /* ShellOut.swift */; };
		OBJ_168 /* Package.swift in Sources */ = {isa = PBXBuildFile; fileRef = OBJ_88 /* Package.swift */; };
		OBJ_174 /* Package.swift in Sources */ = {isa = PBXBuildFile; fileRef = OBJ_6 /* Package.swift */; };
		OBJ_180 /* EmptyInit.swift in Sources */ = {isa = PBXBuildFile; fileRef = OBJ_73 /* EmptyInit.swift */; };
		OBJ_181 /* FindMap.swift in Sources */ = {isa = PBXBuildFile; fileRef = OBJ_74 /* FindMap.swift */; };
		OBJ_182 /* Prompt.swift in Sources */ = {isa = PBXBuildFile; fileRef = OBJ_75 /* Prompt.swift */; };
		OBJ_183 /* RepeatUntil.swift in Sources */ = {isa = PBXBuildFile; fileRef = OBJ_76 /* RepeatUntil.swift */; };
		OBJ_184 /* StringedArrays.swift in Sources */ = {isa = PBXBuildFile; fileRef = OBJ_77 /* StringedArrays.swift */; };
		OBJ_185 /* System.swift in Sources */ = {isa = PBXBuildFile; fileRef = OBJ_78 /* System.swift */; };
		OBJ_186 /* Color.swift in Sources */ = {isa = PBXBuildFile; fileRef = OBJ_80 /* Color.swift */; };
		OBJ_188 /* StdLibXFromC.framework in Frameworks */ = {isa = PBXBuildFile; fileRef = "StdLibX::StdLibXFromC::Product" /* StdLibXFromC.framework */; };
		OBJ_195 /* StdLibXFromC.cpp in Sources */ = {isa = PBXBuildFile; fileRef = OBJ_82 /* StdLibXFromC.cpp */; };
		OBJ_197 /* StdLibXFromC-Bridging-Header.h in Headers */ = {isa = PBXBuildFile; fileRef = OBJ_84 /* StdLibXFromC-Bridging-Header.h */; settings = {ATTRIBUTES = (Public, ); }; };
		OBJ_198 /* StdLibXFromC.h in Headers */ = {isa = PBXBuildFile; fileRef = OBJ_85 /* StdLibXFromC.h */; settings = {ATTRIBUTES = (Public, ); }; };
		OBJ_205 /* Package.swift in Sources */ = {isa = PBXBuildFile; fileRef = OBJ_86 /* Package.swift */; };
		OBJ_211 /* Check.swift in Sources */ = {isa = PBXBuildFile; fileRef = OBJ_9 /* Check.swift */; };
		OBJ_212 /* CheckFile.swift in Sources */ = {isa = PBXBuildFile; fileRef = OBJ_10 /* CheckFile.swift */; };
		OBJ_213 /* Detail.swift in Sources */ = {isa = PBXBuildFile; fileRef = OBJ_11 /* Detail.swift */; };
		OBJ_214 /* Everything.swift in Sources */ = {isa = PBXBuildFile; fileRef = OBJ_12 /* Everything.swift */; };
		OBJ_215 /* Install.swift in Sources */ = {isa = PBXBuildFile; fileRef = OBJ_13 /* Install.swift */; };
		OBJ_216 /* New.swift in Sources */ = {isa = PBXBuildFile; fileRef = OBJ_14 /* New.swift */; };
		OBJ_217 /* Root.swift in Sources */ = {isa = PBXBuildFile; fileRef = OBJ_15 /* Root.swift */; };
		OBJ_218 /* SproutFile.swift in Sources */ = {isa = PBXBuildFile; fileRef = OBJ_16 /* SproutFile.swift */; };
		OBJ_219 /* Tokens.swift in Sources */ = {isa = PBXBuildFile; fileRef = OBJ_17 /* Tokens.swift */; };
		OBJ_220 /* TrueURL.swift in Sources */ = {isa = PBXBuildFile; fileRef = OBJ_18 /* TrueURL.swift */; };
		OBJ_221 /* Uninstall.swift in Sources */ = {isa = PBXBuildFile; fileRef = OBJ_19 /* Uninstall.swift */; };
		OBJ_222 /* main.swift in Sources */ = {isa = PBXBuildFile; fileRef = OBJ_20 /* main.swift */; };
		OBJ_224 /* Files.framework in Frameworks */ = {isa = PBXBuildFile; fileRef = "Files::Files::Product" /* Files.framework */; };
		OBJ_225 /* StdLibX.framework in Frameworks */ = {isa = PBXBuildFile; fileRef = "StdLibX::StdLibX::Product" /* StdLibX.framework */; };
		OBJ_226 /* StdLibXFromC.framework in Frameworks */ = {isa = PBXBuildFile; fileRef = "StdLibX::StdLibXFromC::Product" /* StdLibXFromC.framework */; };
		OBJ_227 /* ShellOut.framework in Frameworks */ = {isa = PBXBuildFile; fileRef = "ShellOut::ShellOut::Product" /* ShellOut.framework */; };
		OBJ_228 /* ArgumentParser.framework in Frameworks */ = {isa = PBXBuildFile; fileRef = "swift-argument-parser::ArgumentParser::Product" /* ArgumentParser.framework */; };
		OBJ_239 /* Package.swift in Sources */ = {isa = PBXBuildFile; fileRef = OBJ_69 /* Package.swift */; };
/* End PBXBuildFile section */

/* Begin PBXContainerItemProxy section */
		760BC9F724D4BCB30033011B /* PBXContainerItemProxy */ = {
			isa = PBXContainerItemProxy;
			containerPortal = OBJ_1 /* Project object */;
			proxyType = 1;
			remoteGlobalIDString = "Files::Files";
			remoteInfo = Files;
		};
		760BC9F824D4BCB30033011B /* PBXContainerItemProxy */ = {
			isa = PBXContainerItemProxy;
			containerPortal = OBJ_1 /* Project object */;
			proxyType = 1;
			remoteGlobalIDString = "StdLibX::StdLibX";
			remoteInfo = StdLibX;
		};
		760BC9F924D4BCB30033011B /* PBXContainerItemProxy */ = {
			isa = PBXContainerItemProxy;
			containerPortal = OBJ_1 /* Project object */;
			proxyType = 1;
			remoteGlobalIDString = "StdLibX::StdLibXFromC";
			remoteInfo = StdLibXFromC;
		};
		760BC9FA24D4BCB30033011B /* PBXContainerItemProxy */ = {
			isa = PBXContainerItemProxy;
			containerPortal = OBJ_1 /* Project object */;
			proxyType = 1;
			remoteGlobalIDString = "StdLibX::StdLibXFromC";
			remoteInfo = StdLibXFromC;
		};
		760BC9FB24D4BCB30033011B /* PBXContainerItemProxy */ = {
			isa = PBXContainerItemProxy;
			containerPortal = OBJ_1 /* Project object */;
			proxyType = 1;
			remoteGlobalIDString = "ShellOut::ShellOut";
			remoteInfo = ShellOut;
		};
		760BC9FC24D4BCB30033011B /* PBXContainerItemProxy */ = {
			isa = PBXContainerItemProxy;
			containerPortal = OBJ_1 /* Project object */;
			proxyType = 1;
			remoteGlobalIDString = "swift-argument-parser::ArgumentParser";
			remoteInfo = ArgumentParser;
		};
/* End PBXContainerItemProxy section */

/* Begin PBXFileReference section */
		"Files::Files::Product" /* Files.framework */ = {isa = PBXFileReference; lastKnownFileType = wrapper.framework; path = Files.framework; sourceTree = BUILT_PRODUCTS_DIR; };
		OBJ_10 /* CheckFile.swift */ = {isa = PBXFileReference; lastKnownFileType = sourcecode.swift; path = CheckFile.swift; sourceTree = "<group>"; };
		OBJ_100 /* README.md */ = {isa = PBXFileReference; lastKnownFileType = net.daringfireball.markdown; path = README.md; sourceTree = "<group>"; };
		OBJ_101 /* SproutFile */ = {isa = PBXFileReference; lastKnownFileType = text; path = SproutFile; sourceTree = "<group>"; };
		OBJ_11 /* Detail.swift */ = {isa = PBXFileReference; lastKnownFileType = sourcecode.swift; path = Detail.swift; sourceTree = "<group>"; };
		OBJ_12 /* Everything.swift */ = {isa = PBXFileReference; lastKnownFileType = sourcecode.swift; path = Everything.swift; sourceTree = "<group>"; };
		OBJ_13 /* Install.swift */ = {isa = PBXFileReference; lastKnownFileType = sourcecode.swift; path = Install.swift; sourceTree = "<group>"; };
		OBJ_14 /* New.swift */ = {isa = PBXFileReference; lastKnownFileType = sourcecode.swift; path = New.swift; sourceTree = "<group>"; };
		OBJ_15 /* Root.swift */ = {isa = PBXFileReference; lastKnownFileType = sourcecode.swift; path = Root.swift; sourceTree = "<group>"; };
		OBJ_16 /* SproutFile.swift */ = {isa = PBXFileReference; lastKnownFileType = sourcecode.swift; path = SproutFile.swift; sourceTree = "<group>"; };
		OBJ_17 /* Tokens.swift */ = {isa = PBXFileReference; lastKnownFileType = sourcecode.swift; path = Tokens.swift; sourceTree = "<group>"; };
		OBJ_18 /* TrueURL.swift */ = {isa = PBXFileReference; lastKnownFileType = sourcecode.swift; path = TrueURL.swift; sourceTree = "<group>"; };
		OBJ_19 /* Uninstall.swift */ = {isa = PBXFileReference; lastKnownFileType = sourcecode.swift; path = Uninstall.swift; sourceTree = "<group>"; };
		OBJ_20 /* main.swift */ = {isa = PBXFileReference; lastKnownFileType = sourcecode.swift; path = main.swift; sourceTree = "<group>"; };
		OBJ_24 /* Package.swift */ = {isa = PBXFileReference; explicitFileType = sourcecode.swift; name = Package.swift; path = /Users/bensova/sprout/.build/checkouts/Files/Package.swift; sourceTree = "<group>"; };
		OBJ_25 /* Files.swift */ = {isa = PBXFileReference; lastKnownFileType = sourcecode.swift; path = Files.swift; sourceTree = "<group>"; };
		OBJ_29 /* BashCompletionsGenerator.swift */ = {isa = PBXFileReference; lastKnownFileType = sourcecode.swift; path = BashCompletionsGenerator.swift; sourceTree = "<group>"; };
		OBJ_30 /* CompletionsGenerator.swift */ = {isa = PBXFileReference; lastKnownFileType = sourcecode.swift; path = CompletionsGenerator.swift; sourceTree = "<group>"; };
		OBJ_31 /* ZshCompletionsGenerator.swift */ = {isa = PBXFileReference; lastKnownFileType = sourcecode.swift; path = ZshCompletionsGenerator.swift; sourceTree = "<group>"; };
		OBJ_33 /* Argument.swift */ = {isa = PBXFileReference; lastKnownFileType = sourcecode.swift; path = Argument.swift; sourceTree = "<group>"; };
		OBJ_34 /* ArgumentHelp.swift */ = {isa = PBXFileReference; lastKnownFileType = sourcecode.swift; path = ArgumentHelp.swift; sourceTree = "<group>"; };
		OBJ_35 /* CompletionKind.swift */ = {isa = PBXFileReference; lastKnownFileType = sourcecode.swift; path = CompletionKind.swift; sourceTree = "<group>"; };
		OBJ_36 /* Errors.swift */ = {isa = PBXFileReference; lastKnownFileType = sourcecode.swift; path = Errors.swift; sourceTree = "<group>"; };
		OBJ_37 /* Flag.swift */ = {isa = PBXFileReference; lastKnownFileType = sourcecode.swift; path = Flag.swift; sourceTree = "<group>"; };
		OBJ_38 /* NameSpecification.swift */ = {isa = PBXFileReference; lastKnownFileType = sourcecode.swift; path = NameSpecification.swift; sourceTree = "<group>"; };
		OBJ_39 /* Option.swift */ = {isa = PBXFileReference; lastKnownFileType = sourcecode.swift; path = Option.swift; sourceTree = "<group>"; };
		OBJ_40 /* OptionGroup.swift */ = {isa = PBXFileReference; lastKnownFileType = sourcecode.swift; path = OptionGroup.swift; sourceTree = "<group>"; };
		OBJ_42 /* CommandConfiguration.swift */ = {isa = PBXFileReference; lastKnownFileType = sourcecode.swift; path = CommandConfiguration.swift; sourceTree = "<group>"; };
		OBJ_43 /* EnumerableFlag.swift */ = {isa = PBXFileReference; lastKnownFileType = sourcecode.swift; path = EnumerableFlag.swift; sourceTree = "<group>"; };
		OBJ_44 /* ExpressibleByArgument.swift */ = {isa = PBXFileReference; lastKnownFileType = sourcecode.swift; path = ExpressibleByArgument.swift; sourceTree = "<group>"; };
		OBJ_45 /* ParsableArguments.swift */ = {isa = PBXFileReference; lastKnownFileType = sourcecode.swift; path = ParsableArguments.swift; sourceTree = "<group>"; };
		OBJ_46 /* ParsableArgumentsValidation.swift */ = {isa = PBXFileReference; lastKnownFileType = sourcecode.swift; path = ParsableArgumentsValidation.swift; sourceTree = "<group>"; };
		OBJ_47 /* ParsableCommand.swift */ = {isa = PBXFileReference; lastKnownFileType = sourcecode.swift; path = ParsableCommand.swift; sourceTree = "<group>"; };
		OBJ_49 /* ArgumentDecoder.swift */ = {isa = PBXFileReference; lastKnownFileType = sourcecode.swift; path = ArgumentDecoder.swift; sourceTree = "<group>"; };
		OBJ_50 /* ArgumentDefinition.swift */ = {isa = PBXFileReference; lastKnownFileType = sourcecode.swift; path = ArgumentDefinition.swift; sourceTree = "<group>"; };
		OBJ_51 /* ArgumentSet.swift */ = {isa = PBXFileReference; lastKnownFileType = sourcecode.swift; path = ArgumentSet.swift; sourceTree = "<group>"; };
		OBJ_52 /* ArgumentSetSequence.swift */ = {isa = PBXFileReference; lastKnownFileType = sourcecode.swift; path = ArgumentSetSequence.swift; sourceTree = "<group>"; };
		OBJ_53 /* CommandParser.swift */ = {isa = PBXFileReference; lastKnownFileType = sourcecode.swift; path = CommandParser.swift; sourceTree = "<group>"; };
		OBJ_54 /* InputOrigin.swift */ = {isa = PBXFileReference; lastKnownFileType = sourcecode.swift; path = InputOrigin.swift; sourceTree = "<group>"; };
		OBJ_55 /* Name.swift */ = {isa = PBXFileReference; lastKnownFileType = sourcecode.swift; path = Name.swift; sourceTree = "<group>"; };
		OBJ_56 /* Parsed.swift */ = {isa = PBXFileReference; lastKnownFileType = sourcecode.swift; path = Parsed.swift; sourceTree = "<group>"; };
		OBJ_57 /* ParsedValues.swift */ = {isa = PBXFileReference; lastKnownFileType = sourcecode.swift; path = ParsedValues.swift; sourceTree = "<group>"; };
		OBJ_58 /* ParserError.swift */ = {isa = PBXFileReference; lastKnownFileType = sourcecode.swift; path = ParserError.swift; sourceTree = "<group>"; };
		OBJ_59 /* SplitArguments.swift */ = {isa = PBXFileReference; lastKnownFileType = sourcecode.swift; path = SplitArguments.swift; sourceTree = "<group>"; };
		OBJ_6 /* Package.swift */ = {isa = PBXFileReference; explicitFileType = sourcecode.swift; path = Package.swift; sourceTree = "<group>"; };
		OBJ_61 /* HelpCommand.swift */ = {isa = PBXFileReference; lastKnownFileType = sourcecode.swift; path = HelpCommand.swift; sourceTree = "<group>"; };
		OBJ_62 /* HelpGenerator.swift */ = {isa = PBXFileReference; lastKnownFileType = sourcecode.swift; path = HelpGenerator.swift; sourceTree = "<group>"; };
		OBJ_63 /* MessageInfo.swift */ = {isa = PBXFileReference; lastKnownFileType = sourcecode.swift; path = MessageInfo.swift; sourceTree = "<group>"; };
		OBJ_64 /* UsageGenerator.swift */ = {isa = PBXFileReference; lastKnownFileType = sourcecode.swift; path = UsageGenerator.swift; sourceTree = "<group>"; };
		OBJ_66 /* SequenceExtensions.swift */ = {isa = PBXFileReference; lastKnownFileType = sourcecode.swift; path = SequenceExtensions.swift; sourceTree = "<group>"; };
		OBJ_67 /* StringExtensions.swift */ = {isa = PBXFileReference; lastKnownFileType = sourcecode.swift; path = StringExtensions.swift; sourceTree = "<group>"; };
		OBJ_68 /* Tree.swift */ = {isa = PBXFileReference; lastKnownFileType = sourcecode.swift; path = Tree.swift; sourceTree = "<group>"; };
		OBJ_69 /* Package.swift */ = {isa = PBXFileReference; explicitFileType = sourcecode.swift; name = Package.swift; path = "/Users/bensova/sprout/.build/checkouts/swift-argument-parser/Package.swift"; sourceTree = "<group>"; };
		OBJ_73 /* EmptyInit.swift */ = {isa = PBXFileReference; lastKnownFileType = sourcecode.swift; path = EmptyInit.swift; sourceTree = "<group>"; };
		OBJ_74 /* FindMap.swift */ = {isa = PBXFileReference; lastKnownFileType = sourcecode.swift; path = FindMap.swift; sourceTree = "<group>"; };
		OBJ_75 /* Prompt.swift */ = {isa = PBXFileReference; lastKnownFileType = sourcecode.swift; path = Prompt.swift; sourceTree = "<group>"; };
		OBJ_76 /* RepeatUntil.swift */ = {isa = PBXFileReference; lastKnownFileType = sourcecode.swift; path = RepeatUntil.swift; sourceTree = "<group>"; };
		OBJ_77 /* StringedArrays.swift */ = {isa = PBXFileReference; lastKnownFileType = sourcecode.swift; path = StringedArrays.swift; sourceTree = "<group>"; };
		OBJ_78 /* System.swift */ = {isa = PBXFileReference; lastKnownFileType = sourcecode.swift; path = System.swift; sourceTree = "<group>"; };
		OBJ_80 /* Color.swift */ = {isa = PBXFileReference; lastKnownFileType = sourcecode.swift; path = Color.swift; sourceTree = "<group>"; };
		OBJ_82 /* StdLibXFromC.cpp */ = {isa = PBXFileReference; lastKnownFileType = sourcecode.cpp.cpp; path = StdLibXFromC.cpp; sourceTree = "<group>"; };
		OBJ_84 /* StdLibXFromC-Bridging-Header.h */ = {isa = PBXFileReference; lastKnownFileType = sourcecode.c.h; path = "StdLibXFromC-Bridging-Header.h"; sourceTree = "<group>"; };
		OBJ_85 /* StdLibXFromC.h */ = {isa = PBXFileReference; lastKnownFileType = sourcecode.c.h; path = StdLibXFromC.h; sourceTree = "<group>"; };
		OBJ_86 /* Package.swift */ = {isa = PBXFileReference; explicitFileType = sourcecode.swift; name = Package.swift; path = /Users/bensova/sprout/.build/checkouts/StdLibX/Package.swift; sourceTree = "<group>"; };
		OBJ_88 /* Package.swift */ = {isa = PBXFileReference; explicitFileType = sourcecode.swift; name = Package.swift; path = /Users/bensova/sprout/.build/checkouts/ShellOut/Package.swift; sourceTree = "<group>"; };
		OBJ_89 /* ShellOut.swift */ = {isa = PBXFileReference; lastKnownFileType = sourcecode.swift; path = ShellOut.swift; sourceTree = "<group>"; };
		OBJ_9 /* Check.swift */ = {isa = PBXFileReference; lastKnownFileType = sourcecode.swift; path = Check.swift; sourceTree = "<group>"; };
		OBJ_97 /* Examples */ = {isa = PBXFileReference; lastKnownFileType = folder; path = Examples; sourceTree = SOURCE_ROOT; };
		OBJ_98 /* LICENSE */ = {isa = PBXFileReference; lastKnownFileType = text; path = LICENSE; sourceTree = "<group>"; };
		OBJ_99 /* install.sh */ = {isa = PBXFileReference; lastKnownFileType = text.script.sh; path = install.sh; sourceTree = "<group>"; };
		"ShellOut::ShellOut::Product" /* ShellOut.framework */ = {isa = PBXFileReference; lastKnownFileType = wrapper.framework; path = ShellOut.framework; sourceTree = BUILT_PRODUCTS_DIR; };
		"Sprout::sprout::Product" /* sprout */ = {isa = PBXFileReference; lastKnownFileType = text; path = sprout; sourceTree = BUILT_PRODUCTS_DIR; };
		"StdLibX::StdLibX::Product" /* StdLibX.framework */ = {isa = PBXFileReference; lastKnownFileType = wrapper.framework; path = StdLibX.framework; sourceTree = BUILT_PRODUCTS_DIR; };
		"StdLibX::StdLibXFromC::Product" /* StdLibXFromC.framework */ = {isa = PBXFileReference; lastKnownFileType = wrapper.framework; path = StdLibXFromC.framework; sourceTree = BUILT_PRODUCTS_DIR; };
		"swift-argument-parser::ArgumentParser::Product" /* ArgumentParser.framework */ = {isa = PBXFileReference; lastKnownFileType = wrapper.framework; path = ArgumentParser.framework; sourceTree = BUILT_PRODUCTS_DIR; };
/* End PBXFileReference section */

/* Begin PBXFrameworksBuildPhase section */
		OBJ_142 /* Frameworks */ = {
			isa = PBXFrameworksBuildPhase;
			buildActionMask = 0;
			files = (
			);
			runOnlyForDeploymentPostprocessing = 0;
		};
		OBJ_149 /* Frameworks */ = {
			isa = PBXFrameworksBuildPhase;
			buildActionMask = 0;
			files = (
			);
			runOnlyForDeploymentPostprocessing = 0;
		};
		OBJ_162 /* Frameworks */ = {
			isa = PBXFrameworksBuildPhase;
			buildActionMask = 0;
			files = (
			);
			runOnlyForDeploymentPostprocessing = 0;
		};
		OBJ_187 /* Frameworks */ = {
			isa = PBXFrameworksBuildPhase;
			buildActionMask = 0;
			files = (
				OBJ_188 /* StdLibXFromC.framework in Frameworks */,
			);
			runOnlyForDeploymentPostprocessing = 0;
		};
		OBJ_199 /* Frameworks */ = {
			isa = PBXFrameworksBuildPhase;
			buildActionMask = 0;
			files = (
			);
			runOnlyForDeploymentPostprocessing = 0;
		};
		OBJ_223 /* Frameworks */ = {
			isa = PBXFrameworksBuildPhase;
			buildActionMask = 0;
			files = (
				OBJ_224 /* Files.framework in Frameworks */,
				OBJ_225 /* StdLibX.framework in Frameworks */,
				OBJ_226 /* StdLibXFromC.framework in Frameworks */,
				OBJ_227 /* ShellOut.framework in Frameworks */,
				OBJ_228 /* ArgumentParser.framework in Frameworks */,
			);
			runOnlyForDeploymentPostprocessing = 0;
		};
/* End PBXFrameworksBuildPhase section */

/* Begin PBXGroup section */
		OBJ_21 /* Tests */ = {
			isa = PBXGroup;
			children = (
			);
			name = Tests;
			sourceTree = SOURCE_ROOT;
		};
		OBJ_22 /* Dependencies */ = {
			isa = PBXGroup;
			children = (
				OBJ_23 /* Files 4.1.1 */,
				OBJ_26 /* swift-argument-parser 0.2.1 */,
				OBJ_70 /* StdLibX 0.0.1 */,
				OBJ_87 /* ShellOut 2.3.0 */,
			);
			name = Dependencies;
			sourceTree = "<group>";
		};
		OBJ_23 /* Files 4.1.1 */ = {
			isa = PBXGroup;
			children = (
				OBJ_24 /* Package.swift */,
				OBJ_25 /* Files.swift */,
			);
			name = "Files 4.1.1";
			path = .build/checkouts/Files/Sources;
			sourceTree = SOURCE_ROOT;
		};
		OBJ_26 /* swift-argument-parser 0.2.1 */ = {
			isa = PBXGroup;
			children = (
				OBJ_27 /* ArgumentParser */,
				OBJ_69 /* Package.swift */,
			);
			name = "swift-argument-parser 0.2.1";
			sourceTree = SOURCE_ROOT;
		};
		OBJ_27 /* ArgumentParser */ = {
			isa = PBXGroup;
			children = (
				OBJ_28 /* Completions */,
				OBJ_32 /* Parsable Properties */,
				OBJ_41 /* Parsable Types */,
				OBJ_48 /* Parsing */,
				OBJ_60 /* Usage */,
				OBJ_65 /* Utilities */,
			);
			name = ArgumentParser;
			path = ".build/checkouts/swift-argument-parser/Sources/ArgumentParser";
			sourceTree = SOURCE_ROOT;
		};
		OBJ_28 /* Completions */ = {
			isa = PBXGroup;
			children = (
				OBJ_29 /* BashCompletionsGenerator.swift */,
				OBJ_30 /* CompletionsGenerator.swift */,
				OBJ_31 /* ZshCompletionsGenerator.swift */,
			);
			path = Completions;
			sourceTree = "<group>";
		};
		OBJ_32 /* Parsable Properties */ = {
			isa = PBXGroup;
			children = (
				OBJ_33 /* Argument.swift */,
				OBJ_34 /* ArgumentHelp.swift */,
				OBJ_35 /* CompletionKind.swift */,
				OBJ_36 /* Errors.swift */,
				OBJ_37 /* Flag.swift */,
				OBJ_38 /* NameSpecification.swift */,
				OBJ_39 /* Option.swift */,
				OBJ_40 /* OptionGroup.swift */,
			);
			path = "Parsable Properties";
			sourceTree = "<group>";
		};
		OBJ_41 /* Parsable Types */ = {
			isa = PBXGroup;
			children = (
				OBJ_42 /* CommandConfiguration.swift */,
				OBJ_43 /* EnumerableFlag.swift */,
				OBJ_44 /* ExpressibleByArgument.swift */,
				OBJ_45 /* ParsableArguments.swift */,
				OBJ_46 /* ParsableArgumentsValidation.swift */,
				OBJ_47 /* ParsableCommand.swift */,
			);
			path = "Parsable Types";
			sourceTree = "<group>";
		};
		OBJ_48 /* Parsing */ = {
			isa = PBXGroup;
			children = (
				OBJ_49 /* ArgumentDecoder.swift */,
				OBJ_50 /* ArgumentDefinition.swift */,
				OBJ_51 /* ArgumentSet.swift */,
				OBJ_52 /* ArgumentSetSequence.swift */,
				OBJ_53 /* CommandParser.swift */,
				OBJ_54 /* InputOrigin.swift */,
				OBJ_55 /* Name.swift */,
				OBJ_56 /* Parsed.swift */,
				OBJ_57 /* ParsedValues.swift */,
				OBJ_58 /* ParserError.swift */,
				OBJ_59 /* SplitArguments.swift */,
			);
			path = Parsing;
			sourceTree = "<group>";
		};
		OBJ_5 /*  */ = {
			isa = PBXGroup;
			children = (
				OBJ_6 /* Package.swift */,
				OBJ_7 /* Sources */,
				OBJ_21 /* Tests */,
				OBJ_22 /* Dependencies */,
				OBJ_90 /* Products */,
				OBJ_97 /* Examples */,
				OBJ_98 /* LICENSE */,
				OBJ_99 /* install.sh */,
				OBJ_100 /* README.md */,
				OBJ_101 /* SproutFile */,
			);
			name = "";
			sourceTree = "<group>";
		};
		OBJ_60 /* Usage */ = {
			isa = PBXGroup;
			children = (
				OBJ_61 /* HelpCommand.swift */,
				OBJ_62 /* HelpGenerator.swift */,
				OBJ_63 /* MessageInfo.swift */,
				OBJ_64 /* UsageGenerator.swift */,
			);
			path = Usage;
			sourceTree = "<group>";
		};
		OBJ_65 /* Utilities */ = {
			isa = PBXGroup;
			children = (
				OBJ_66 /* SequenceExtensions.swift */,
				OBJ_67 /* StringExtensions.swift */,
				OBJ_68 /* Tree.swift */,
			);
			path = Utilities;
			sourceTree = "<group>";
		};
		OBJ_7 /* Sources */ = {
			isa = PBXGroup;
			children = (
				OBJ_8 /* sprout */,
			);
			name = Sources;
			sourceTree = SOURCE_ROOT;
		};
		OBJ_70 /* StdLibX 0.0.1 */ = {
			isa = PBXGroup;
			children = (
				OBJ_71 /* StdLibX */,
				OBJ_81 /* StdLibXFromC */,
				OBJ_86 /* Package.swift */,
			);
			name = "StdLibX 0.0.1";
			sourceTree = SOURCE_ROOT;
		};
		OBJ_71 /* StdLibX */ = {
			isa = PBXGroup;
			children = (
				OBJ_72 /* Foundation */,
				OBJ_79 /* SwiftUI */,
			);
			name = StdLibX;
			path = .build/checkouts/StdLibX/Sources/StdLibX;
			sourceTree = SOURCE_ROOT;
		};
		OBJ_72 /* Foundation */ = {
			isa = PBXGroup;
			children = (
				OBJ_73 /* EmptyInit.swift */,
				OBJ_74 /* FindMap.swift */,
				OBJ_75 /* Prompt.swift */,
				OBJ_76 /* RepeatUntil.swift */,
				OBJ_77 /* StringedArrays.swift */,
				OBJ_78 /* System.swift */,
			);
			path = Foundation;
			sourceTree = "<group>";
		};
		OBJ_79 /* SwiftUI */ = {
			isa = PBXGroup;
			children = (
				OBJ_80 /* Color.swift */,
			);
			path = SwiftUI;
			sourceTree = "<group>";
		};
		OBJ_8 /* sprout */ = {
			isa = PBXGroup;
			children = (
				OBJ_9 /* Check.swift */,
				OBJ_10 /* CheckFile.swift */,
				OBJ_11 /* Detail.swift */,
				OBJ_12 /* Everything.swift */,
				OBJ_13 /* Install.swift */,
				OBJ_14 /* New.swift */,
				OBJ_15 /* Root.swift */,
				OBJ_16 /* SproutFile.swift */,
				OBJ_17 /* Tokens.swift */,
				OBJ_18 /* TrueURL.swift */,
				OBJ_19 /* Uninstall.swift */,
				OBJ_20 /* main.swift */,
			);
			name = sprout;
			path = Sources/sprout;
			sourceTree = SOURCE_ROOT;
		};
		OBJ_81 /* StdLibXFromC */ = {
			isa = PBXGroup;
			children = (
				OBJ_82 /* StdLibXFromC.cpp */,
				OBJ_83 /* include */,
			);
			name = StdLibXFromC;
			path = .build/checkouts/StdLibX/Sources/StdLibXFromC;
			sourceTree = SOURCE_ROOT;
		};
		OBJ_83 /* include */ = {
			isa = PBXGroup;
			children = (
				OBJ_84 /* StdLibXFromC-Bridging-Header.h */,
				OBJ_85 /* StdLibXFromC.h */,
			);
			path = include;
			sourceTree = "<group>";
		};
		OBJ_87 /* ShellOut 2.3.0 */ = {
			isa = PBXGroup;
			children = (
				OBJ_88 /* Package.swift */,
				OBJ_89 /* ShellOut.swift */,
			);
			name = "ShellOut 2.3.0";
			path = .build/checkouts/ShellOut/Sources;
			sourceTree = SOURCE_ROOT;
		};
		OBJ_90 /* Products */ = {
			isa = PBXGroup;
			children = (
				"Files::Files::Product" /* Files.framework */,
				"StdLibX::StdLibX::Product" /* StdLibX.framework */,
				"ShellOut::ShellOut::Product" /* ShellOut.framework */,
				"Sprout::sprout::Product" /* sprout */,
				"StdLibX::StdLibXFromC::Product" /* StdLibXFromC.framework */,
				"swift-argument-parser::ArgumentParser::Product" /* ArgumentParser.framework */,
			);
			name = Products;
			sourceTree = BUILT_PRODUCTS_DIR;
		};
/* End PBXGroup section */

/* Begin PBXHeadersBuildPhase section */
		OBJ_196 /* Headers */ = {
			isa = PBXHeadersBuildPhase;
			buildActionMask = 0;
			files = (
				OBJ_197 /* StdLibXFromC-Bridging-Header.h in Headers */,
				OBJ_198 /* StdLibXFromC.h in Headers */,
			);
			runOnlyForDeploymentPostprocessing = 0;
		};
/* End PBXHeadersBuildPhase section */

/* Begin PBXNativeTarget section */
		"Files::Files" /* Files */ = {
			isa = PBXNativeTarget;
			buildConfigurationList = OBJ_144 /* Build configuration list for PBXNativeTarget "Files" */;
			buildPhases = (
				OBJ_147 /* Sources */,
				OBJ_149 /* Frameworks */,
			);
			buildRules = (
			);
			dependencies = (
			);
			name = Files;
			productName = Files;
			productReference = "Files::Files::Product" /* Files.framework */;
			productType = "com.apple.product-type.framework";
		};
		"Files::SwiftPMPackageDescription" /* FilesPackageDescription */ = {
			isa = PBXNativeTarget;
			buildConfigurationList = OBJ_151 /* Build configuration list for PBXNativeTarget "FilesPackageDescription" */;
			buildPhases = (
				OBJ_154 /* Sources */,
			);
			buildRules = (
			);
			dependencies = (
			);
			name = FilesPackageDescription;
			productName = FilesPackageDescription;
			productType = "com.apple.product-type.framework";
		};
		"ShellOut::ShellOut" /* ShellOut */ = {
			isa = PBXNativeTarget;
			buildConfigurationList = OBJ_157 /* Build configuration list for PBXNativeTarget "ShellOut" */;
			buildPhases = (
				OBJ_160 /* Sources */,
				OBJ_162 /* Frameworks */,
			);
			buildRules = (
			);
			dependencies = (
			);
			name = ShellOut;
			productName = ShellOut;
			productReference = "ShellOut::ShellOut::Product" /* ShellOut.framework */;
			productType = "com.apple.product-type.framework";
		};
		"ShellOut::SwiftPMPackageDescription" /* ShellOutPackageDescription */ = {
			isa = PBXNativeTarget;
			buildConfigurationList = OBJ_164 /* Build configuration list for PBXNativeTarget "ShellOutPackageDescription" */;
			buildPhases = (
				OBJ_167 /* Sources */,
			);
			buildRules = (
			);
			dependencies = (
			);
			name = ShellOutPackageDescription;
			productName = ShellOutPackageDescription;
			productType = "com.apple.product-type.framework";
		};
		"Sprout::SwiftPMPackageDescription" /* SproutPackageDescription */ = {
			isa = PBXNativeTarget;
			buildConfigurationList = OBJ_170 /* Build configuration list for PBXNativeTarget "SproutPackageDescription" */;
			buildPhases = (
				OBJ_173 /* Sources */,
			);
			buildRules = (
			);
			dependencies = (
			);
			name = SproutPackageDescription;
			productName = SproutPackageDescription;
			productType = "com.apple.product-type.framework";
		};
		"Sprout::sprout" /* sprout */ = {
			isa = PBXNativeTarget;
			buildConfigurationList = OBJ_207 /* Build configuration list for PBXNativeTarget "sprout" */;
			buildPhases = (
				OBJ_210 /* Sources */,
				OBJ_223 /* Frameworks */,
			);
			buildRules = (
			);
			dependencies = (
				OBJ_229 /* PBXTargetDependency */,
				OBJ_230 /* PBXTargetDependency */,
				OBJ_231 /* PBXTargetDependency */,
				OBJ_232 /* PBXTargetDependency */,
				OBJ_233 /* PBXTargetDependency */,
			);
			name = sprout;
			productName = sprout;
			productReference = "Sprout::sprout::Product" /* sprout */;
			productType = "com.apple.product-type.tool";
		};
		"StdLibX::StdLibX" /* StdLibX */ = {
			isa = PBXNativeTarget;
			buildConfigurationList = OBJ_176 /* Build configuration list for PBXNativeTarget "StdLibX" */;
			buildPhases = (
				OBJ_179 /* Sources */,
				OBJ_187 /* Frameworks */,
			);
			buildRules = (
			);
			dependencies = (
				OBJ_189 /* PBXTargetDependency */,
			);
			name = StdLibX;
			productName = StdLibX;
			productReference = "StdLibX::StdLibX::Product" /* StdLibX.framework */;
			productType = "com.apple.product-type.framework";
		};
		"StdLibX::StdLibXFromC" /* StdLibXFromC */ = {
			isa = PBXNativeTarget;
			buildConfigurationList = OBJ_191 /* Build configuration list for PBXNativeTarget "StdLibXFromC" */;
			buildPhases = (
				OBJ_194 /* Sources */,
				OBJ_196 /* Headers */,
				OBJ_199 /* Frameworks */,
			);
			buildRules = (
			);
			dependencies = (
			);
			name = StdLibXFromC;
			productName = StdLibXFromC;
			productReference = "StdLibX::StdLibXFromC::Product" /* StdLibXFromC.framework */;
			productType = "com.apple.product-type.framework";
		};
		"StdLibX::SwiftPMPackageDescription" /* StdLibXPackageDescription */ = {
			isa = PBXNativeTarget;
			buildConfigurationList = OBJ_201 /* Build configuration list for PBXNativeTarget "StdLibXPackageDescription" */;
			buildPhases = (
				OBJ_204 /* Sources */,
			);
			buildRules = (
			);
			dependencies = (
			);
			name = StdLibXPackageDescription;
			productName = StdLibXPackageDescription;
			productType = "com.apple.product-type.framework";
		};
		"swift-argument-parser::ArgumentParser" /* ArgumentParser */ = {
			isa = PBXNativeTarget;
			buildConfigurationList = OBJ_103 /* Build configuration list for PBXNativeTarget "ArgumentParser" */;
			buildPhases = (
				OBJ_106 /* Sources */,
				OBJ_142 /* Frameworks */,
			);
			buildRules = (
			);
			dependencies = (
			);
			name = ArgumentParser;
			productName = ArgumentParser;
			productReference = "swift-argument-parser::ArgumentParser::Product" /* ArgumentParser.framework */;
			productType = "com.apple.product-type.framework";
		};
		"swift-argument-parser::SwiftPMPackageDescription" /* swift-argument-parserPackageDescription */ = {
			isa = PBXNativeTarget;
			buildConfigurationList = OBJ_235 /* Build configuration list for PBXNativeTarget "swift-argument-parserPackageDescription" */;
			buildPhases = (
				OBJ_238 /* Sources */,
			);
			buildRules = (
			);
			dependencies = (
			);
			name = "swift-argument-parserPackageDescription";
			productName = "swift-argument-parserPackageDescription";
			productType = "com.apple.product-type.framework";
		};
/* End PBXNativeTarget section */

/* Begin PBXProject section */
		OBJ_1 /* Project object */ = {
			isa = PBXProject;
			attributes = {
				LastSwiftMigration = 9999;
				LastUpgradeCheck = 9999;
			};
			buildConfigurationList = OBJ_2 /* Build configuration list for PBXProject "sprout" */;
			compatibilityVersion = "Xcode 3.2";
			developmentRegion = en;
			hasScannedForEncodings = 0;
			knownRegions = (
				en,
			);
			mainGroup = OBJ_5 /*  */;
			productRefGroup = OBJ_90 /* Products */;
			projectDirPath = "";
			projectRoot = "";
			targets = (
				"swift-argument-parser::ArgumentParser" /* ArgumentParser */,
				"Files::Files" /* Files */,
				"Files::SwiftPMPackageDescription" /* FilesPackageDescription */,
				"ShellOut::ShellOut" /* ShellOut */,
				"ShellOut::SwiftPMPackageDescription" /* ShellOutPackageDescription */,
				"Sprout::SwiftPMPackageDescription" /* SproutPackageDescription */,
				"StdLibX::StdLibX" /* StdLibX */,
				"StdLibX::StdLibXFromC" /* StdLibXFromC */,
				"StdLibX::SwiftPMPackageDescription" /* StdLibXPackageDescription */,
				"Sprout::sprout" /* sprout */,
				"swift-argument-parser::SwiftPMPackageDescription" /* swift-argument-parserPackageDescription */,
			);
		};
/* End PBXProject section */

/* Begin PBXSourcesBuildPhase section */
		OBJ_106 /* Sources */ = {
			isa = PBXSourcesBuildPhase;
			buildActionMask = 0;
			files = (
				OBJ_107 /* BashCompletionsGenerator.swift in Sources */,
				OBJ_108 /* CompletionsGenerator.swift in Sources */,
				OBJ_109 /* ZshCompletionsGenerator.swift in Sources */,
				OBJ_110 /* Argument.swift in Sources */,
				OBJ_111 /* ArgumentHelp.swift in Sources */,
				OBJ_112 /* CompletionKind.swift in Sources */,
				OBJ_113 /* Errors.swift in Sources */,
				OBJ_114 /* Flag.swift in Sources */,
				OBJ_115 /* NameSpecification.swift in Sources */,
				OBJ_116 /* Option.swift in Sources */,
				OBJ_117 /* OptionGroup.swift in Sources */,
				OBJ_118 /* CommandConfiguration.swift in Sources */,
				OBJ_119 /* EnumerableFlag.swift in Sources */,
				OBJ_120 /* ExpressibleByArgument.swift in Sources */,
				OBJ_121 /* ParsableArguments.swift in Sources */,
				OBJ_122 /* ParsableArgumentsValidation.swift in Sources */,
				OBJ_123 /* ParsableCommand.swift in Sources */,
				OBJ_124 /* ArgumentDecoder.swift in Sources */,
				OBJ_125 /* ArgumentDefinition.swift in Sources */,
				OBJ_126 /* ArgumentSet.swift in Sources */,
				OBJ_127 /* ArgumentSetSequence.swift in Sources */,
				OBJ_128 /* CommandParser.swift in Sources */,
				OBJ_129 /* InputOrigin.swift in Sources */,
				OBJ_130 /* Name.swift in Sources */,
				OBJ_131 /* Parsed.swift in Sources */,
				OBJ_132 /* ParsedValues.swift in Sources */,
				OBJ_133 /* ParserError.swift in Sources */,
				OBJ_134 /* SplitArguments.swift in Sources */,
				OBJ_135 /* HelpCommand.swift in Sources */,
				OBJ_136 /* HelpGenerator.swift in Sources */,
				OBJ_137 /* MessageInfo.swift in Sources */,
				OBJ_138 /* UsageGenerator.swift in Sources */,
				OBJ_139 /* SequenceExtensions.swift in Sources */,
				OBJ_140 /* StringExtensions.swift in Sources */,
				OBJ_141 /* Tree.swift in Sources */,
			);
			runOnlyForDeploymentPostprocessing = 0;
		};
		OBJ_147 /* Sources */ = {
			isa = PBXSourcesBuildPhase;
			buildActionMask = 0;
			files = (
				OBJ_148 /* Files.swift in Sources */,
			);
			runOnlyForDeploymentPostprocessing = 0;
		};
		OBJ_154 /* Sources */ = {
			isa = PBXSourcesBuildPhase;
			buildActionMask = 0;
			files = (
				OBJ_155 /* Package.swift in Sources */,
			);
			runOnlyForDeploymentPostprocessing = 0;
		};
		OBJ_160 /* Sources */ = {
			isa = PBXSourcesBuildPhase;
			buildActionMask = 0;
			files = (
				OBJ_161 /* ShellOut.swift in Sources */,
			);
			runOnlyForDeploymentPostprocessing = 0;
		};
		OBJ_167 /* Sources */ = {
			isa = PBXSourcesBuildPhase;
			buildActionMask = 0;
			files = (
				OBJ_168 /* Package.swift in Sources */,
			);
			runOnlyForDeploymentPostprocessing = 0;
		};
		OBJ_173 /* Sources */ = {
			isa = PBXSourcesBuildPhase;
			buildActionMask = 0;
			files = (
				OBJ_174 /* Package.swift in Sources */,
			);
			runOnlyForDeploymentPostprocessing = 0;
		};
		OBJ_179 /* Sources */ = {
			isa = PBXSourcesBuildPhase;
			buildActionMask = 0;
			files = (
				OBJ_180 /* EmptyInit.swift in Sources */,
				OBJ_181 /* FindMap.swift in Sources */,
				OBJ_182 /* Prompt.swift in Sources */,
				OBJ_183 /* RepeatUntil.swift in Sources */,
				OBJ_184 /* StringedArrays.swift in Sources */,
				OBJ_185 /* System.swift in Sources */,
				OBJ_186 /* Color.swift in Sources */,
			);
			runOnlyForDeploymentPostprocessing = 0;
		};
		OBJ_194 /* Sources */ = {
			isa = PBXSourcesBuildPhase;
			buildActionMask = 0;
			files = (
				OBJ_195 /* StdLibXFromC.cpp in Sources */,
			);
			runOnlyForDeploymentPostprocessing = 0;
		};
		OBJ_204 /* Sources */ = {
			isa = PBXSourcesBuildPhase;
			buildActionMask = 0;
			files = (
				OBJ_205 /* Package.swift in Sources */,
			);
			runOnlyForDeploymentPostprocessing = 0;
		};
		OBJ_210 /* Sources */ = {
			isa = PBXSourcesBuildPhase;
			buildActionMask = 0;
			files = (
				OBJ_211 /* Check.swift in Sources */,
				OBJ_212 /* CheckFile.swift in Sources */,
				OBJ_213 /* Detail.swift in Sources */,
				OBJ_214 /* Everything.swift in Sources */,
				OBJ_215 /* Install.swift in Sources */,
				OBJ_216 /* New.swift in Sources */,
				OBJ_217 /* Root.swift in Sources */,
				OBJ_218 /* SproutFile.swift in Sources */,
				OBJ_219 /* Tokens.swift in Sources */,
				OBJ_220 /* TrueURL.swift in Sources */,
				OBJ_221 /* Uninstall.swift in Sources */,
				OBJ_222 /* main.swift in Sources */,
			);
			runOnlyForDeploymentPostprocessing = 0;
		};
		OBJ_238 /* Sources */ = {
			isa = PBXSourcesBuildPhase;
			buildActionMask = 0;
			files = (
				OBJ_239 /* Package.swift in Sources */,
			);
			runOnlyForDeploymentPostprocessing = 0;
		};
/* End PBXSourcesBuildPhase section */

/* Begin PBXTargetDependency section */
		OBJ_189 /* PBXTargetDependency */ = {
			isa = PBXTargetDependency;
			target = "StdLibX::StdLibXFromC" /* StdLibXFromC */;
			targetProxy = 760BC9F924D4BCB30033011B /* PBXContainerItemProxy */;
		};
		OBJ_229 /* PBXTargetDependency */ = {
			isa = PBXTargetDependency;
			target = "Files::Files" /* Files */;
			targetProxy = 760BC9F724D4BCB30033011B /* PBXContainerItemProxy */;
		};
		OBJ_230 /* PBXTargetDependency */ = {
			isa = PBXTargetDependency;
			target = "StdLibX::StdLibX" /* StdLibX */;
			targetProxy = 760BC9F824D4BCB30033011B /* PBXContainerItemProxy */;
		};
		OBJ_231 /* PBXTargetDependency */ = {
			isa = PBXTargetDependency;
			target = "StdLibX::StdLibXFromC" /* StdLibXFromC */;
			targetProxy = 760BC9FA24D4BCB30033011B /* PBXContainerItemProxy */;
		};
		OBJ_232 /* PBXTargetDependency */ = {
			isa = PBXTargetDependency;
			target = "ShellOut::ShellOut" /* ShellOut */;
			targetProxy = 760BC9FB24D4BCB30033011B /* PBXContainerItemProxy */;
		};
		OBJ_233 /* PBXTargetDependency */ = {
			isa = PBXTargetDependency;
			target = "swift-argument-parser::ArgumentParser" /* ArgumentParser */;
			targetProxy = 760BC9FC24D4BCB30033011B /* PBXContainerItemProxy */;
		};
/* End PBXTargetDependency section */

/* Begin XCBuildConfiguration section */
		OBJ_104 /* Debug */ = {
			isa = XCBuildConfiguration;
			buildSettings = {
				ENABLE_TESTABILITY = YES;
				FRAMEWORK_SEARCH_PATHS = (
					"$(inherited)",
					"$(PLATFORM_DIR)/Developer/Library/Frameworks",
				);
				HEADER_SEARCH_PATHS = "$(inherited)";
				INFOPLIST_FILE = Sprout.xcodeproj/ArgumentParser_Info.plist;
				IPHONEOS_DEPLOYMENT_TARGET = 9.0;
				LD_RUNPATH_SEARCH_PATHS = "$(inherited) $(TOOLCHAIN_DIR)/usr/lib/swift/macosx";
				MACOSX_DEPLOYMENT_TARGET = 10.10;
				OTHER_CFLAGS = "$(inherited)";
				OTHER_LDFLAGS = "$(inherited)";
				OTHER_SWIFT_FLAGS = "$(inherited)";
				PRODUCT_BUNDLE_IDENTIFIER = ArgumentParser;
				PRODUCT_MODULE_NAME = "$(TARGET_NAME:c99extidentifier)";
				PRODUCT_NAME = "$(TARGET_NAME:c99extidentifier)";
				SKIP_INSTALL = YES;
				SWIFT_ACTIVE_COMPILATION_CONDITIONS = "$(inherited)";
				SWIFT_VERSION = 5.0;
				TARGET_NAME = ArgumentParser;
				TVOS_DEPLOYMENT_TARGET = 9.0;
				WATCHOS_DEPLOYMENT_TARGET = 2.0;
			};
			name = Debug;
		};
		OBJ_105 /* Release */ = {
			isa = XCBuildConfiguration;
			buildSettings = {
				ENABLE_TESTABILITY = YES;
				FRAMEWORK_SEARCH_PATHS = (
					"$(inherited)",
					"$(PLATFORM_DIR)/Developer/Library/Frameworks",
				);
				HEADER_SEARCH_PATHS = "$(inherited)";
				INFOPLIST_FILE = Sprout.xcodeproj/ArgumentParser_Info.plist;
				IPHONEOS_DEPLOYMENT_TARGET = 9.0;
				LD_RUNPATH_SEARCH_PATHS = "$(inherited) $(TOOLCHAIN_DIR)/usr/lib/swift/macosx";
				MACOSX_DEPLOYMENT_TARGET = 10.10;
				OTHER_CFLAGS = "$(inherited)";
				OTHER_LDFLAGS = "$(inherited)";
				OTHER_SWIFT_FLAGS = "$(inherited)";
				PRODUCT_BUNDLE_IDENTIFIER = ArgumentParser;
				PRODUCT_MODULE_NAME = "$(TARGET_NAME:c99extidentifier)";
				PRODUCT_NAME = "$(TARGET_NAME:c99extidentifier)";
				SKIP_INSTALL = YES;
				SWIFT_ACTIVE_COMPILATION_CONDITIONS = "$(inherited)";
				SWIFT_VERSION = 5.0;
				TARGET_NAME = ArgumentParser;
				TVOS_DEPLOYMENT_TARGET = 9.0;
				WATCHOS_DEPLOYMENT_TARGET = 2.0;
			};
			name = Release;
		};
		OBJ_145 /* Debug */ = {
			isa = XCBuildConfiguration;
			buildSettings = {
				ENABLE_TESTABILITY = YES;
				FRAMEWORK_SEARCH_PATHS = (
					"$(inherited)",
					"$(PLATFORM_DIR)/Developer/Library/Frameworks",
				);
				HEADER_SEARCH_PATHS = "$(inherited)";
				INFOPLIST_FILE = Sprout.xcodeproj/Files_Info.plist;
				IPHONEOS_DEPLOYMENT_TARGET = 9.0;
				LD_RUNPATH_SEARCH_PATHS = "$(inherited) $(TOOLCHAIN_DIR)/usr/lib/swift/macosx";
				MACOSX_DEPLOYMENT_TARGET = 10.10;
				OTHER_CFLAGS = "$(inherited)";
				OTHER_LDFLAGS = "$(inherited)";
				OTHER_SWIFT_FLAGS = "$(inherited)";
				PRODUCT_BUNDLE_IDENTIFIER = Files;
				PRODUCT_MODULE_NAME = "$(TARGET_NAME:c99extidentifier)";
				PRODUCT_NAME = "$(TARGET_NAME:c99extidentifier)";
				SKIP_INSTALL = YES;
				SWIFT_ACTIVE_COMPILATION_CONDITIONS = "$(inherited)";
				SWIFT_VERSION = 5.0;
				TARGET_NAME = Files;
				TVOS_DEPLOYMENT_TARGET = 9.0;
				WATCHOS_DEPLOYMENT_TARGET = 2.0;
			};
			name = Debug;
		};
		OBJ_146 /* Release */ = {
			isa = XCBuildConfiguration;
			buildSettings = {
				ENABLE_TESTABILITY = YES;
				FRAMEWORK_SEARCH_PATHS = (
					"$(inherited)",
					"$(PLATFORM_DIR)/Developer/Library/Frameworks",
				);
				HEADER_SEARCH_PATHS = "$(inherited)";
				INFOPLIST_FILE = Sprout.xcodeproj/Files_Info.plist;
				IPHONEOS_DEPLOYMENT_TARGET = 9.0;
				LD_RUNPATH_SEARCH_PATHS = "$(inherited) $(TOOLCHAIN_DIR)/usr/lib/swift/macosx";
				MACOSX_DEPLOYMENT_TARGET = 10.10;
				OTHER_CFLAGS = "$(inherited)";
				OTHER_LDFLAGS = "$(inherited)";
				OTHER_SWIFT_FLAGS = "$(inherited)";
				PRODUCT_BUNDLE_IDENTIFIER = Files;
				PRODUCT_MODULE_NAME = "$(TARGET_NAME:c99extidentifier)";
				PRODUCT_NAME = "$(TARGET_NAME:c99extidentifier)";
				SKIP_INSTALL = YES;
				SWIFT_ACTIVE_COMPILATION_CONDITIONS = "$(inherited)";
				SWIFT_VERSION = 5.0;
				TARGET_NAME = Files;
				TVOS_DEPLOYMENT_TARGET = 9.0;
				WATCHOS_DEPLOYMENT_TARGET = 2.0;
			};
			name = Release;
		};
		OBJ_152 /* Debug */ = {
			isa = XCBuildConfiguration;
			buildSettings = {
				LD = /usr/bin/true;
				OTHER_SWIFT_FLAGS = "-swift-version 5 -I $(TOOLCHAIN_DIR)/usr/lib/swift/pm/4_2 -sdk /Users/bensova/Downloads/Xcode-beta.app/Contents/Developer/Platforms/MacOSX.platform/Developer/SDKs/MacOSX11.0.sdk -package-description-version 5.0.0";
				SWIFT_VERSION = 5.0;
			};
			name = Debug;
		};
		OBJ_153 /* Release */ = {
			isa = XCBuildConfiguration;
			buildSettings = {
				LD = /usr/bin/true;
				OTHER_SWIFT_FLAGS = "-swift-version 5 -I $(TOOLCHAIN_DIR)/usr/lib/swift/pm/4_2 -sdk /Users/bensova/Downloads/Xcode-beta.app/Contents/Developer/Platforms/MacOSX.platform/Developer/SDKs/MacOSX11.0.sdk -package-description-version 5.0.0";
				SWIFT_VERSION = 5.0;
			};
			name = Release;
		};
		OBJ_158 /* Debug */ = {
			isa = XCBuildConfiguration;
			buildSettings = {
				ENABLE_TESTABILITY = YES;
				FRAMEWORK_SEARCH_PATHS = (
					"$(inherited)",
					"$(PLATFORM_DIR)/Developer/Library/Frameworks",
				);
				HEADER_SEARCH_PATHS = "$(inherited)";
				INFOPLIST_FILE = Sprout.xcodeproj/ShellOut_Info.plist;
				LD_RUNPATH_SEARCH_PATHS = "$(inherited) $(TOOLCHAIN_DIR)/usr/lib/swift/macosx";
				OTHER_CFLAGS = "$(inherited)";
				OTHER_LDFLAGS = "$(inherited)";
				OTHER_SWIFT_FLAGS = "$(inherited)";
				PRODUCT_BUNDLE_IDENTIFIER = ShellOut;
				PRODUCT_MODULE_NAME = "$(TARGET_NAME:c99extidentifier)";
				PRODUCT_NAME = "$(TARGET_NAME:c99extidentifier)";
				SKIP_INSTALL = YES;
				SWIFT_ACTIVE_COMPILATION_CONDITIONS = "$(inherited)";
				SWIFT_VERSION = 4.2;
				TARGET_NAME = ShellOut;
			};
			name = Debug;
		};
		OBJ_159 /* Release */ = {
			isa = XCBuildConfiguration;
			buildSettings = {
				ENABLE_TESTABILITY = YES;
				FRAMEWORK_SEARCH_PATHS = (
					"$(inherited)",
					"$(PLATFORM_DIR)/Developer/Library/Frameworks",
				);
				HEADER_SEARCH_PATHS = "$(inherited)";
				INFOPLIST_FILE = Sprout.xcodeproj/ShellOut_Info.plist;
				LD_RUNPATH_SEARCH_PATHS = "$(inherited) $(TOOLCHAIN_DIR)/usr/lib/swift/macosx";
				OTHER_CFLAGS = "$(inherited)";
				OTHER_LDFLAGS = "$(inherited)";
				OTHER_SWIFT_FLAGS = "$(inherited)";
				PRODUCT_BUNDLE_IDENTIFIER = ShellOut;
				PRODUCT_MODULE_NAME = "$(TARGET_NAME:c99extidentifier)";
				PRODUCT_NAME = "$(TARGET_NAME:c99extidentifier)";
				SKIP_INSTALL = YES;
				SWIFT_ACTIVE_COMPILATION_CONDITIONS = "$(inherited)";
				SWIFT_VERSION = 4.2;
				TARGET_NAME = ShellOut;
			};
			name = Release;
		};
		OBJ_165 /* Debug */ = {
			isa = XCBuildConfiguration;
			buildSettings = {
				LD = /usr/bin/true;
				OTHER_SWIFT_FLAGS = "-swift-version 4.2 -I $(TOOLCHAIN_DIR)/usr/lib/swift/pm/4_2 -sdk /Users/bensova/Downloads/Xcode-beta.app/Contents/Developer/Platforms/MacOSX.platform/Developer/SDKs/MacOSX11.0.sdk -package-description-version 4.2.0";
				SWIFT_VERSION = 4.2;
			};
			name = Debug;
		};
		OBJ_166 /* Release */ = {
			isa = XCBuildConfiguration;
			buildSettings = {
				LD = /usr/bin/true;
				OTHER_SWIFT_FLAGS = "-swift-version 4.2 -I $(TOOLCHAIN_DIR)/usr/lib/swift/pm/4_2 -sdk /Users/bensova/Downloads/Xcode-beta.app/Contents/Developer/Platforms/MacOSX.platform/Developer/SDKs/MacOSX11.0.sdk -package-description-version 4.2.0";
				SWIFT_VERSION = 4.2;
			};
			name = Release;
		};
		OBJ_171 /* Debug */ = {
			isa = XCBuildConfiguration;
			buildSettings = {
				LD = /usr/bin/true;
				OTHER_SWIFT_FLAGS = "-swift-version 5 -I $(TOOLCHAIN_DIR)/usr/lib/swift/pm/4_2 -sdk /Users/bensova/Downloads/Xcode-beta.app/Contents/Developer/Platforms/MacOSX.platform/Developer/SDKs/MacOSX11.0.sdk -package-description-version 5.3.0";
				SWIFT_VERSION = 5.0;
			};
			name = Debug;
		};
		OBJ_172 /* Release */ = {
			isa = XCBuildConfiguration;
			buildSettings = {
				LD = /usr/bin/true;
				OTHER_SWIFT_FLAGS = "-swift-version 5 -I $(TOOLCHAIN_DIR)/usr/lib/swift/pm/4_2 -sdk /Users/bensova/Downloads/Xcode-beta.app/Contents/Developer/Platforms/MacOSX.platform/Developer/SDKs/MacOSX11.0.sdk -package-description-version 5.3.0";
				SWIFT_VERSION = 5.0;
			};
			name = Release;
		};
		OBJ_177 /* Debug */ = {
			isa = XCBuildConfiguration;
			buildSettings = {
				ENABLE_TESTABILITY = YES;
				FRAMEWORK_SEARCH_PATHS = (
					"$(inherited)",
					"$(PLATFORM_DIR)/Developer/Library/Frameworks",
				);
				HEADER_SEARCH_PATHS = (
					"$(inherited)",
					"$(SRCROOT)/.build/checkouts/StdLibX/Sources/StdLibXFromC/include",
				);
				INFOPLIST_FILE = Sprout.xcodeproj/StdLibX_Info.plist;
				IPHONEOS_DEPLOYMENT_TARGET = 9.0;
				LD_RUNPATH_SEARCH_PATHS = "$(inherited) $(TOOLCHAIN_DIR)/usr/lib/swift/macosx";
				MACOSX_DEPLOYMENT_TARGET = 10.10;
				OTHER_CFLAGS = "$(inherited)";
				OTHER_LDFLAGS = "$(inherited)";
				OTHER_SWIFT_FLAGS = "$(inherited)";
				PRODUCT_BUNDLE_IDENTIFIER = StdLibX;
				PRODUCT_MODULE_NAME = "$(TARGET_NAME:c99extidentifier)";
				PRODUCT_NAME = "$(TARGET_NAME:c99extidentifier)";
				SKIP_INSTALL = YES;
				SWIFT_ACTIVE_COMPILATION_CONDITIONS = "$(inherited)";
				SWIFT_VERSION = 5.0;
				TARGET_NAME = StdLibX;
				TVOS_DEPLOYMENT_TARGET = 9.0;
				WATCHOS_DEPLOYMENT_TARGET = 2.0;
			};
			name = Debug;
		};
		OBJ_178 /* Release */ = {
			isa = XCBuildConfiguration;
			buildSettings = {
				ENABLE_TESTABILITY = YES;
				FRAMEWORK_SEARCH_PATHS = (
					"$(inherited)",
					"$(PLATFORM_DIR)/Developer/Library/Frameworks",
				);
				HEADER_SEARCH_PATHS = (
					"$(inherited)",
					"$(SRCROOT)/.build/checkouts/StdLibX/Sources/StdLibXFromC/include",
				);
				INFOPLIST_FILE = Sprout.xcodeproj/StdLibX_Info.plist;
				IPHONEOS_DEPLOYMENT_TARGET = 9.0;
				LD_RUNPATH_SEARCH_PATHS = "$(inherited) $(TOOLCHAIN_DIR)/usr/lib/swift/macosx";
				MACOSX_DEPLOYMENT_TARGET = 10.10;
				OTHER_CFLAGS = "$(inherited)";
				OTHER_LDFLAGS = "$(inherited)";
				OTHER_SWIFT_FLAGS = "$(inherited)";
				PRODUCT_BUNDLE_IDENTIFIER = StdLibX;
				PRODUCT_MODULE_NAME = "$(TARGET_NAME:c99extidentifier)";
				PRODUCT_NAME = "$(TARGET_NAME:c99extidentifier)";
				SKIP_INSTALL = YES;
				SWIFT_ACTIVE_COMPILATION_CONDITIONS = "$(inherited)";
				SWIFT_VERSION = 5.0;
				TARGET_NAME = StdLibX;
				TVOS_DEPLOYMENT_TARGET = 9.0;
				WATCHOS_DEPLOYMENT_TARGET = 2.0;
			};
			name = Release;
		};
		OBJ_192 /* Debug */ = {
			isa = XCBuildConfiguration;
			buildSettings = {
				CLANG_ENABLE_MODULES = YES;
				DEFINES_MODULE = YES;
				ENABLE_TESTABILITY = YES;
				FRAMEWORK_SEARCH_PATHS = (
					"$(inherited)",
					"$(PLATFORM_DIR)/Developer/Library/Frameworks",
				);
				HEADER_SEARCH_PATHS = (
					"$(inherited)",
					"$(SRCROOT)/.build/checkouts/StdLibX/Sources/StdLibXFromC/include",
				);
				INFOPLIST_FILE = Sprout.xcodeproj/StdLibXFromC_Info.plist;
				IPHONEOS_DEPLOYMENT_TARGET = 9.0;
				LD_RUNPATH_SEARCH_PATHS = "$(inherited) $(TOOLCHAIN_DIR)/usr/lib/swift/macosx";
				MACOSX_DEPLOYMENT_TARGET = 10.10;
				OTHER_CFLAGS = "$(inherited)";
				OTHER_LDFLAGS = "$(inherited)";
				OTHER_SWIFT_FLAGS = "$(inherited)";
				PRODUCT_BUNDLE_IDENTIFIER = StdLibXFromC;
				PRODUCT_MODULE_NAME = "$(TARGET_NAME:c99extidentifier)";
				PRODUCT_NAME = "$(TARGET_NAME:c99extidentifier)";
				SKIP_INSTALL = YES;
				SWIFT_ACTIVE_COMPILATION_CONDITIONS = "$(inherited)";
				TARGET_NAME = StdLibXFromC;
				TVOS_DEPLOYMENT_TARGET = 9.0;
				WATCHOS_DEPLOYMENT_TARGET = 2.0;
			};
			name = Debug;
		};
		OBJ_193 /* Release */ = {
			isa = XCBuildConfiguration;
			buildSettings = {
				CLANG_ENABLE_MODULES = YES;
				DEFINES_MODULE = YES;
				ENABLE_TESTABILITY = YES;
				FRAMEWORK_SEARCH_PATHS = (
					"$(inherited)",
					"$(PLATFORM_DIR)/Developer/Library/Frameworks",
				);
				HEADER_SEARCH_PATHS = (
					"$(inherited)",
					"$(SRCROOT)/.build/checkouts/StdLibX/Sources/StdLibXFromC/include",
				);
				INFOPLIST_FILE = Sprout.xcodeproj/StdLibXFromC_Info.plist;
				IPHONEOS_DEPLOYMENT_TARGET = 9.0;
				LD_RUNPATH_SEARCH_PATHS = "$(inherited) $(TOOLCHAIN_DIR)/usr/lib/swift/macosx";
				MACOSX_DEPLOYMENT_TARGET = 10.10;
				OTHER_CFLAGS = "$(inherited)";
				OTHER_LDFLAGS = "$(inherited)";
				OTHER_SWIFT_FLAGS = "$(inherited)";
				PRODUCT_BUNDLE_IDENTIFIER = StdLibXFromC;
				PRODUCT_MODULE_NAME = "$(TARGET_NAME:c99extidentifier)";
				PRODUCT_NAME = "$(TARGET_NAME:c99extidentifier)";
				SKIP_INSTALL = YES;
				SWIFT_ACTIVE_COMPILATION_CONDITIONS = "$(inherited)";
				TARGET_NAME = StdLibXFromC;
				TVOS_DEPLOYMENT_TARGET = 9.0;
				WATCHOS_DEPLOYMENT_TARGET = 2.0;
			};
			name = Release;
		};
		OBJ_202 /* Debug */ = {
			isa = XCBuildConfiguration;
			buildSettings = {
				LD = /usr/bin/true;
				OTHER_SWIFT_FLAGS = "-swift-version 5 -I $(TOOLCHAIN_DIR)/usr/lib/swift/pm/4_2 -sdk /Users/bensova/Downloads/Xcode-beta.app/Contents/Developer/Platforms/MacOSX.platform/Developer/SDKs/MacOSX11.0.sdk -package-description-version 5.2.0";
				SWIFT_VERSION = 5.0;
			};
			name = Debug;
		};
		OBJ_203 /* Release */ = {
			isa = XCBuildConfiguration;
			buildSettings = {
				LD = /usr/bin/true;
				OTHER_SWIFT_FLAGS = "-swift-version 5 -I $(TOOLCHAIN_DIR)/usr/lib/swift/pm/4_2 -sdk /Users/bensova/Downloads/Xcode-beta.app/Contents/Developer/Platforms/MacOSX.platform/Developer/SDKs/MacOSX11.0.sdk -package-description-version 5.2.0";
				SWIFT_VERSION = 5.0;
			};
			name = Release;
		};
		OBJ_208 /* Debug */ = {
			isa = XCBuildConfiguration;
			buildSettings = {
				FRAMEWORK_SEARCH_PATHS = (
					"$(inherited)",
					"$(PLATFORM_DIR)/Developer/Library/Frameworks",
				);
				HEADER_SEARCH_PATHS = (
					"$(inherited)",
					"$(SRCROOT)/.build/checkouts/StdLibX/Sources/StdLibXFromC/include",
				);
				INFOPLIST_FILE = Sprout.xcodeproj/sprout_Info.plist;
				IPHONEOS_DEPLOYMENT_TARGET = 9.0;
				LD_RUNPATH_SEARCH_PATHS = "$(inherited) $(TOOLCHAIN_DIR)/usr/lib/swift/macosx @executable_path";
				MACOSX_DEPLOYMENT_TARGET = 10.10;
				OTHER_CFLAGS = "$(inherited)";
				OTHER_LDFLAGS = "$(inherited)";
				OTHER_SWIFT_FLAGS = "$(inherited)";
				SWIFT_ACTIVE_COMPILATION_CONDITIONS = "$(inherited)";
				SWIFT_FORCE_DYNAMIC_LINK_STDLIB = YES;
				SWIFT_FORCE_STATIC_LINK_STDLIB = NO;
				SWIFT_VERSION = 5.0;
				TARGET_NAME = sprout;
				TVOS_DEPLOYMENT_TARGET = 9.0;
				WATCHOS_DEPLOYMENT_TARGET = 2.0;
			};
			name = Debug;
		};
		OBJ_209 /* Release */ = {
			isa = XCBuildConfiguration;
			buildSettings = {
				FRAMEWORK_SEARCH_PATHS = (
					"$(inherited)",
					"$(PLATFORM_DIR)/Developer/Library/Frameworks",
				);
				HEADER_SEARCH_PATHS = (
					"$(inherited)",
					"$(SRCROOT)/.build/checkouts/StdLibX/Sources/StdLibXFromC/include",
				);
				INFOPLIST_FILE = Sprout.xcodeproj/sprout_Info.plist;
				IPHONEOS_DEPLOYMENT_TARGET = 9.0;
				LD_RUNPATH_SEARCH_PATHS = "$(inherited) $(TOOLCHAIN_DIR)/usr/lib/swift/macosx @executable_path";
				MACOSX_DEPLOYMENT_TARGET = 10.10;
				OTHER_CFLAGS = "$(inherited)";
				OTHER_LDFLAGS = "$(inherited)";
				OTHER_SWIFT_FLAGS = "$(inherited)";
				SWIFT_ACTIVE_COMPILATION_CONDITIONS = "$(inherited)";
				SWIFT_FORCE_DYNAMIC_LINK_STDLIB = YES;
				SWIFT_FORCE_STATIC_LINK_STDLIB = NO;
				SWIFT_VERSION = 5.0;
				TARGET_NAME = sprout;
				TVOS_DEPLOYMENT_TARGET = 9.0;
				WATCHOS_DEPLOYMENT_TARGET = 2.0;
			};
			name = Release;
		};
		OBJ_236 /* Debug */ = {
			isa = XCBuildConfiguration;
			buildSettings = {
				LD = /usr/bin/true;
				OTHER_SWIFT_FLAGS = "-swift-version 5 -I $(TOOLCHAIN_DIR)/usr/lib/swift/pm/4_2 -sdk /Users/bensova/Downloads/Xcode-beta.app/Contents/Developer/Platforms/MacOSX.platform/Developer/SDKs/MacOSX11.0.sdk -package-description-version 5.2.0";
				SWIFT_VERSION = 5.0;
			};
			name = Debug;
		};
		OBJ_237 /* Release */ = {
			isa = XCBuildConfiguration;
			buildSettings = {
				LD = /usr/bin/true;
				OTHER_SWIFT_FLAGS = "-swift-version 5 -I $(TOOLCHAIN_DIR)/usr/lib/swift/pm/4_2 -sdk /Users/bensova/Downloads/Xcode-beta.app/Contents/Developer/Platforms/MacOSX.platform/Developer/SDKs/MacOSX11.0.sdk -package-description-version 5.2.0";
				SWIFT_VERSION = 5.0;
			};
			name = Release;
		};
		OBJ_3 /* Debug */ = {
			isa = XCBuildConfiguration;
			buildSettings = {
				CLANG_ENABLE_OBJC_ARC = YES;
				COMBINE_HIDPI_IMAGES = YES;
				COPY_PHASE_STRIP = NO;
				DEBUG_INFORMATION_FORMAT = dwarf;
				DYLIB_INSTALL_NAME_BASE = "@rpath";
				ENABLE_NS_ASSERTIONS = YES;
				GCC_OPTIMIZATION_LEVEL = 0;
				GCC_PREPROCESSOR_DEFINITIONS = (
					"$(inherited)",
					"SWIFT_PACKAGE=1",
					"DEBUG=1",
				);
				MACOSX_DEPLOYMENT_TARGET = 10.10;
				ONLY_ACTIVE_ARCH = YES;
				OTHER_SWIFT_FLAGS = "$(inherited) -DXcode";
				PRODUCT_NAME = "$(TARGET_NAME)";
				SDKROOT = macosx;
				SUPPORTED_PLATFORMS = "macosx iphoneos iphonesimulator appletvos appletvsimulator watchos watchsimulator";
				SWIFT_ACTIVE_COMPILATION_CONDITIONS = "$(inherited) SWIFT_PACKAGE DEBUG";
				SWIFT_OPTIMIZATION_LEVEL = "-Onone";
				USE_HEADERMAP = NO;
			};
			name = Debug;
		};
		OBJ_4 /* Release */ = {
			isa = XCBuildConfiguration;
			buildSettings = {
				CLANG_ENABLE_OBJC_ARC = YES;
				COMBINE_HIDPI_IMAGES = YES;
				COPY_PHASE_STRIP = YES;
				DEBUG_INFORMATION_FORMAT = "dwarf-with-dsym";
				DYLIB_INSTALL_NAME_BASE = "@rpath";
				GCC_OPTIMIZATION_LEVEL = s;
				GCC_PREPROCESSOR_DEFINITIONS = (
					"$(inherited)",
					"SWIFT_PACKAGE=1",
				);
				MACOSX_DEPLOYMENT_TARGET = 10.10;
				OTHER_SWIFT_FLAGS = "$(inherited) -DXcode";
				PRODUCT_NAME = "$(TARGET_NAME)";
				SDKROOT = macosx;
				SUPPORTED_PLATFORMS = "macosx iphoneos iphonesimulator appletvos appletvsimulator watchos watchsimulator";
				SWIFT_ACTIVE_COMPILATION_CONDITIONS = "$(inherited) SWIFT_PACKAGE";
				SWIFT_OPTIMIZATION_LEVEL = "-Owholemodule";
				USE_HEADERMAP = NO;
			};
			name = Release;
		};
/* End XCBuildConfiguration section */

/* Begin XCConfigurationList section */
		OBJ_103 /* Build configuration list for PBXNativeTarget "ArgumentParser" */ = {
			isa = XCConfigurationList;
			buildConfigurations = (
				OBJ_104 /* Debug */,
				OBJ_105 /* Release */,
			);
			defaultConfigurationIsVisible = 0;
			defaultConfigurationName = Release;
		};
		OBJ_144 /* Build configuration list for PBXNativeTarget "Files" */ = {
			isa = XCConfigurationList;
			buildConfigurations = (
				OBJ_145 /* Debug */,
				OBJ_146 /* Release */,
			);
			defaultConfigurationIsVisible = 0;
			defaultConfigurationName = Release;
		};
		OBJ_151 /* Build configuration list for PBXNativeTarget "FilesPackageDescription" */ = {
			isa = XCConfigurationList;
			buildConfigurations = (
				OBJ_152 /* Debug */,
				OBJ_153 /* Release */,
			);
			defaultConfigurationIsVisible = 0;
			defaultConfigurationName = Release;
		};
		OBJ_157 /* Build configuration list for PBXNativeTarget "ShellOut" */ = {
			isa = XCConfigurationList;
			buildConfigurations = (
				OBJ_158 /* Debug */,
				OBJ_159 /* Release */,
			);
			defaultConfigurationIsVisible = 0;
			defaultConfigurationName = Release;
		};
		OBJ_164 /* Build configuration list for PBXNativeTarget "ShellOutPackageDescription" */ = {
			isa = XCConfigurationList;
			buildConfigurations = (
				OBJ_165 /* Debug */,
				OBJ_166 /* Release */,
			);
			defaultConfigurationIsVisible = 0;
			defaultConfigurationName = Release;
		};
		OBJ_170 /* Build configuration list for PBXNativeTarget "SproutPackageDescription" */ = {
			isa = XCConfigurationList;
			buildConfigurations = (
				OBJ_171 /* Debug */,
				OBJ_172 /* Release */,
			);
			defaultConfigurationIsVisible = 0;
			defaultConfigurationName = Release;
		};
		OBJ_176 /* Build configuration list for PBXNativeTarget "StdLibX" */ = {
			isa = XCConfigurationList;
			buildConfigurations = (
				OBJ_177 /* Debug */,
				OBJ_178 /* Release */,
			);
			defaultConfigurationIsVisible = 0;
			defaultConfigurationName = Release;
		};
		OBJ_191 /* Build configuration list for PBXNativeTarget "StdLibXFromC" */ = {
			isa = XCConfigurationList;
			buildConfigurations = (
				OBJ_192 /* Debug */,
				OBJ_193 /* Release */,
			);
			defaultConfigurationIsVisible = 0;
			defaultConfigurationName = Release;
		};
		OBJ_2 /* Build configuration list for PBXProject "sprout" */ = {
			isa = XCConfigurationList;
			buildConfigurations = (
				OBJ_3 /* Debug */,
				OBJ_4 /* Release */,
			);
			defaultConfigurationIsVisible = 0;
			defaultConfigurationName = Release;
		};
		OBJ_201 /* Build configuration list for PBXNativeTarget "StdLibXPackageDescription" */ = {
			isa = XCConfigurationList;
			buildConfigurations = (
				OBJ_202 /* Debug */,
				OBJ_203 /* Release */,
			);
			defaultConfigurationIsVisible = 0;
			defaultConfigurationName = Release;
		};
		OBJ_207 /* Build configuration list for PBXNativeTarget "sprout" */ = {
			isa = XCConfigurationList;
			buildConfigurations = (
				OBJ_208 /* Debug */,
				OBJ_209 /* Release */,
			);
			defaultConfigurationIsVisible = 0;
			defaultConfigurationName = Release;
		};
		OBJ_235 /* Build configuration list for PBXNativeTarget "swift-argument-parserPackageDescription" */ = {
			isa = XCConfigurationList;
			buildConfigurations = (
				OBJ_236 /* Debug */,
				OBJ_237 /* Release */,
			);
			defaultConfigurationIsVisible = 0;
			defaultConfigurationName = Release;
		};
/* End XCConfigurationList section */
	};
	rootObject = OBJ_1 /* Project object */;
}
